// !$*UTF8*$!
{
	archiveVersion = 1;
	classes = {
	};
	objectVersion = 55;
	objects = {

/* Begin PBXBuildFile section */
		D925CB332865A3E6005E1E83 /* ScrumdingerApp.swift in Sources */ = {isa = PBXBuildFile; fileRef = D925CB322865A3E6005E1E83 /* ScrumdingerApp.swift */; };
		D925CB352865A3E6005E1E83 /* MeetingView.swift in Sources */ = {isa = PBXBuildFile; fileRef = D925CB342865A3E6005E1E83 /* MeetingView.swift */; };
		D925CB372865A3E7005E1E83 /* Assets.xcassets in Resources */ = {isa = PBXBuildFile; fileRef = D925CB362865A3E7005E1E83 /* Assets.xcassets */; };
		D925CB3A2865A3E7005E1E83 /* Preview Assets.xcassets in Resources */ = {isa = PBXBuildFile; fileRef = D925CB392865A3E7005E1E83 /* Preview Assets.xcassets */; };
		D925CB422865A553005E1E83 /* Theme.swift in Sources */ = {isa = PBXBuildFile; fileRef = D925CB412865A553005E1E83 /* Theme.swift */; };
		D925CB442865A612005E1E83 /* DailyScrum.swift in Sources */ = {isa = PBXBuildFile; fileRef = D925CB432865A612005E1E83 /* DailyScrum.swift */; };
		D925CB462865A9F2005E1E83 /* CardView.swift in Sources */ = {isa = PBXBuildFile; fileRef = D925CB452865A9F2005E1E83 /* CardView.swift */; };
		D925CB482865D409005E1E83 /* TrailingIconLabelStyle.swift in Sources */ = {isa = PBXBuildFile; fileRef = D925CB472865D409005E1E83 /* TrailingIconLabelStyle.swift */; };
		D925CB4A2865DBE0005E1E83 /* ScrumsView.swift in Sources */ = {isa = PBXBuildFile; fileRef = D925CB492865DBE0005E1E83 /* ScrumsView.swift */; };
		D925CB4C2865E96F005E1E83 /* DetailView.swift in Sources */ = {isa = PBXBuildFile; fileRef = D925CB4B2865E96F005E1E83 /* DetailView.swift */; };
		D9F939942866EC5200B3914C /* DetailEditView.swift in Sources */ = {isa = PBXBuildFile; fileRef = D9F939932866EC5200B3914C /* DetailEditView.swift */; };
		D9F9399628683BB500B3914C /* ThemeView.swift in Sources */ = {isa = PBXBuildFile; fileRef = D9F9399528683BB500B3914C /* ThemeView.swift */; };
		D9F9399828683C9700B3914C /* ThemePIcker.swift in Sources */ = {isa = PBXBuildFile; fileRef = D9F9399728683C9700B3914C /* ThemePIcker.swift */; };
/* End PBXBuildFile section */

/* Begin PBXFileReference section */
		D925CB2F2865A3E6005E1E83 /* Scrumdinger.app */ = {isa = PBXFileReference; explicitFileType = wrapper.application; includeInIndex = 0; path = Scrumdinger.app; sourceTree = BUILT_PRODUCTS_DIR; };
		D925CB322865A3E6005E1E83 /* ScrumdingerApp.swift */ = {isa = PBXFileReference; lastKnownFileType = sourcecode.swift; path = ScrumdingerApp.swift; sourceTree = "<group>"; };
		D925CB342865A3E6005E1E83 /* MeetingView.swift */ = {isa = PBXFileReference; lastKnownFileType = sourcecode.swift; path = MeetingView.swift; sourceTree = "<group>"; };
		D925CB362865A3E7005E1E83 /* Assets.xcassets */ = {isa = PBXFileReference; lastKnownFileType = folder.assetcatalog; path = Assets.xcassets; sourceTree = "<group>"; };
		D925CB392865A3E7005E1E83 /* Preview Assets.xcassets */ = {isa = PBXFileReference; lastKnownFileType = folder.assetcatalog; path = "Preview Assets.xcassets"; sourceTree = "<group>"; };
		D925CB412865A553005E1E83 /* Theme.swift */ = {isa = PBXFileReference; lastKnownFileType = sourcecode.swift; path = Theme.swift; sourceTree = "<group>"; };
		D925CB432865A612005E1E83 /* DailyScrum.swift */ = {isa = PBXFileReference; lastKnownFileType = sourcecode.swift; path = DailyScrum.swift; sourceTree = "<group>"; };
		D925CB452865A9F2005E1E83 /* CardView.swift */ = {isa = PBXFileReference; lastKnownFileType = sourcecode.swift; path = CardView.swift; sourceTree = "<group>"; };
		D925CB472865D409005E1E83 /* TrailingIconLabelStyle.swift */ = {isa = PBXFileReference; lastKnownFileType = sourcecode.swift; path = TrailingIconLabelStyle.swift; sourceTree = "<group>"; };
		D925CB492865DBE0005E1E83 /* ScrumsView.swift */ = {isa = PBXFileReference; lastKnownFileType = sourcecode.swift; path = ScrumsView.swift; sourceTree = "<group>"; };
		D925CB4B2865E96F005E1E83 /* DetailView.swift */ = {isa = PBXFileReference; lastKnownFileType = sourcecode.swift; path = DetailView.swift; sourceTree = "<group>"; };
		D9F939932866EC5200B3914C /* DetailEditView.swift */ = {isa = PBXFileReference; lastKnownFileType = sourcecode.swift; path = DetailEditView.swift; sourceTree = "<group>"; };
		D9F9399528683BB500B3914C /* ThemeView.swift */ = {isa = PBXFileReference; lastKnownFileType = sourcecode.swift; path = ThemeView.swift; sourceTree = "<group>"; };
		D9F9399728683C9700B3914C /* ThemePIcker.swift */ = {isa = PBXFileReference; lastKnownFileType = sourcecode.swift; path = ThemePIcker.swift; sourceTree = "<group>"; };
/* End PBXFileReference section */

/* Begin PBXFrameworksBuildPhase section */
		D925CB2C2865A3E6005E1E83 /* Frameworks */ = {
			isa = PBXFrameworksBuildPhase;
			buildActionMask = 2147483647;
			files = (
			);
			runOnlyForDeploymentPostprocessing = 0;
		};
/* End PBXFrameworksBuildPhase section */

/* Begin PBXGroup section */
		D925CB262865A3E6005E1E83 = {
			isa = PBXGroup;
			children = (
				D925CB312865A3E6005E1E83 /* Scrumdinger */,
				D925CB302865A3E6005E1E83 /* Products */,
			);
			sourceTree = "<group>";
		};
		D925CB302865A3E6005E1E83 /* Products */ = {
			isa = PBXGroup;
			children = (
				D925CB2F2865A3E6005E1E83 /* Scrumdinger.app */,
			);
			name = Products;
			sourceTree = "<group>";
		};
		D925CB312865A3E6005E1E83 /* Scrumdinger */ = {
			isa = PBXGroup;
			children = (
				D925CB402865A52C005E1E83 /* Models */,
				D925CB322865A3E6005E1E83 /* ScrumdingerApp.swift */,
				D925CB4B2865E96F005E1E83 /* DetailView.swift */,
				D9F9399528683BB500B3914C /* ThemeView.swift */,
				D9F9399728683C9700B3914C /* ThemePIcker.swift */,
				D925CB452865A9F2005E1E83 /* CardView.swift */,
				D925CB492865DBE0005E1E83 /* ScrumsView.swift */,
				D925CB472865D409005E1E83 /* TrailingIconLabelStyle.swift */,
				D925CB342865A3E6005E1E83 /* MeetingView.swift */,
				D9F939932866EC5200B3914C /* DetailEditView.swift */,
				D925CB362865A3E7005E1E83 /* Assets.xcassets */,
				D925CB382865A3E7005E1E83 /* Preview Content */,
			);
			path = Scrumdinger;
			sourceTree = "<group>";
		};
		D925CB382865A3E7005E1E83 /* Preview Content */ = {
			isa = PBXGroup;
			children = (
				D925CB392865A3E7005E1E83 /* Preview Assets.xcassets */,
			);
			path = "Preview Content";
			sourceTree = "<group>";
		};
		D925CB402865A52C005E1E83 /* Models */ = {
			isa = PBXGroup;
			children = (
				D925CB412865A553005E1E83 /* Theme.swift */,
				D925CB432865A612005E1E83 /* DailyScrum.swift */,
			);
			path = Models;
			sourceTree = "<group>";
		};
/* End PBXGroup section */

/* Begin PBXNativeTarget section */
		D925CB2E2865A3E6005E1E83 /* Scrumdinger */ = {
			isa = PBXNativeTarget;
			buildConfigurationList = D925CB3D2865A3E7005E1E83 /* Build configuration list for PBXNativeTarget "Scrumdinger" */;
			buildPhases = (
				D925CB2B2865A3E6005E1E83 /* Sources */,
				D925CB2C2865A3E6005E1E83 /* Frameworks */,
				D925CB2D2865A3E6005E1E83 /* Resources */,
			);
			buildRules = (
			);
			dependencies = (
			);
			name = Scrumdinger;
			productName = Scrumdinger;
			productReference = D925CB2F2865A3E6005E1E83 /* Scrumdinger.app */;
			productType = "com.apple.product-type.application";
		};
/* End PBXNativeTarget section */

/* Begin PBXProject section */
		D925CB272865A3E6005E1E83 /* Project object */ = {
			isa = PBXProject;
			attributes = {
				BuildIndependentTargetsInParallel = 1;
				LastSwiftUpdateCheck = 1340;
				LastUpgradeCheck = 1340;
				TargetAttributes = {
					D925CB2E2865A3E6005E1E83 = {
						CreatedOnToolsVersion = 13.4.1;
					};
				};
			};
			buildConfigurationList = D925CB2A2865A3E6005E1E83 /* Build configuration list for PBXProject "Scrumdinger" */;
			compatibilityVersion = "Xcode 13.0";
			developmentRegion = en;
			hasScannedForEncodings = 0;
			knownRegions = (
				en,
				Base,
			);
			mainGroup = D925CB262865A3E6005E1E83;
			productRefGroup = D925CB302865A3E6005E1E83 /* Products */;
			projectDirPath = "";
			projectRoot = "";
			targets = (
				D925CB2E2865A3E6005E1E83 /* Scrumdinger */,
			);
		};
/* End PBXProject section */

/* Begin PBXResourcesBuildPhase section */
		D925CB2D2865A3E6005E1E83 /* Resources */ = {
			isa = PBXResourcesBuildPhase;
			buildActionMask = 2147483647;
			files = (
				D925CB3A2865A3E7005E1E83 /* Preview Assets.xcassets in Resources */,
				D925CB372865A3E7005E1E83 /* Assets.xcassets in Resources */,
			);
			runOnlyForDeploymentPostprocessing = 0;
		};
/* End PBXResourcesBuildPhase section */

/* Begin PBXSourcesBuildPhase section */
		D925CB2B2865A3E6005E1E83 /* Sources */ = {
			isa = PBXSourcesBuildPhase;
			buildActionMask = 2147483647;
			files = (
				D925CB442865A612005E1E83 /* DailyScrum.swift in Sources */,
				D925CB4C2865E96F005E1E83 /* DetailView.swift in Sources */,
				D9F939942866EC5200B3914C /* DetailEditView.swift in Sources */,
				D925CB482865D409005E1E83 /* TrailingIconLabelStyle.swift in Sources */,
				D925CB422865A553005E1E83 /* Theme.swift in Sources */,
				D925CB4A2865DBE0005E1E83 /* ScrumsView.swift in Sources */,
				D925CB352865A3E6005E1E83 /* MeetingView.swift in Sources */,
				D925CB332865A3E6005E1E83 /* ScrumdingerApp.swift in Sources */,
				D9F9399628683BB500B3914C /* ThemeView.swift in Sources */,
				D925CB462865A9F2005E1E83 /* CardView.swift in Sources */,
				D9F9399828683C9700B3914C /* ThemePIcker.swift in Sources */,
			);
			runOnlyForDeploymentPostprocessing = 0;
		};
/* End PBXSourcesBuildPhase section */

/* Begin XCBuildConfiguration section */
		D925CB3B2865A3E7005E1E83 /* Debug */ = {
			isa = XCBuildConfiguration;
			buildSettings = {
				ALWAYS_SEARCH_USER_PATHS = NO;
				CLANG_ANALYZER_NONNULL = YES;
				CLANG_ANALYZER_NUMBER_OBJECT_CONVERSION = YES_AGGRESSIVE;
				CLANG_CXX_LANGUAGE_STANDARD = "gnu++17";
				CLANG_ENABLE_MODULES = YES;
				CLANG_ENABLE_OBJC_ARC = YES;
				CLANG_ENABLE_OBJC_WEAK = YES;
				CLANG_WARN_BLOCK_CAPTURE_AUTORELEASING = YES;
				CLANG_WARN_BOOL_CONVERSION = YES;
				CLANG_WARN_COMMA = YES;
				CLANG_WARN_CONSTANT_CONVERSION = YES;
				CLANG_WARN_DEPRECATED_OBJC_IMPLEMENTATIONS = YES;
				CLANG_WARN_DIRECT_OBJC_ISA_USAGE = YES_ERROR;
				CLANG_WARN_DOCUMENTATION_COMMENTS = YES;
				CLANG_WARN_EMPTY_BODY = YES;
				CLANG_WARN_ENUM_CONVERSION = YES;
				CLANG_WARN_INFINITE_RECURSION = YES;
				CLANG_WARN_INT_CONVERSION = YES;
				CLANG_WARN_NON_LITERAL_NULL_CONVERSION = YES;
				CLANG_WARN_OBJC_IMPLICIT_RETAIN_SELF = YES;
				CLANG_WARN_OBJC_LITERAL_CONVERSION = YES;
				CLANG_WARN_OBJC_ROOT_CLASS = YES_ERROR;
				CLANG_WARN_QUOTED_INCLUDE_IN_FRAMEWORK_HEADER = YES;
				CLANG_WARN_RANGE_LOOP_ANALYSIS = YES;
				CLANG_WARN_STRICT_PROTOTYPES = YES;
				CLANG_WARN_SUSPICIOUS_MOVE = YES;
				CLANG_WARN_UNGUARDED_AVAILABILITY = YES_AGGRESSIVE;
				CLANG_WARN_UNREACHABLE_CODE = YES;
				CLANG_WARN__DUPLICATE_METHOD_MATCH = YES;
				COPY_PHASE_STRIP = NO;
				DEBUG_INFORMATION_FORMAT = dwarf;
				ENABLE_STRICT_OBJC_MSGSEND = YES;
				ENABLE_TESTABILITY = YES;
				GCC_C_LANGUAGE_STANDARD = gnu11;
				GCC_DYNAMIC_NO_PIC = NO;
				GCC_NO_COMMON_BLOCKS = YES;
				GCC_OPTIMIZATION_LEVEL = 0;
				GCC_PREPROCESSOR_DEFINITIONS = (
					"DEBUG=1",
					"$(inherited)",
				);
				GCC_WARN_64_TO_32_BIT_CONVERSION = YES;
				GCC_WARN_ABOUT_RETURN_TYPE = YES_ERROR;
				GCC_WARN_UNDECLARED_SELECTOR = YES;
				GCC_WARN_UNINITIALIZED_AUTOS = YES_AGGRESSIVE;
				GCC_WARN_UNUSED_FUNCTION = YES;
				GCC_WARN_UNUSED_VARIABLE = YES;
				IPHONEOS_DEPLOYMENT_TARGET = 15.5;
				MTL_ENABLE_DEBUG_INFO = INCLUDE_SOURCE;
				MTL_FAST_MATH = YES;
				ONLY_ACTIVE_ARCH = YES;
				SDKROOT = iphoneos;
				SWIFT_ACTIVE_COMPILATION_CONDITIONS = DEBUG;
				SWIFT_OPTIMIZATION_LEVEL = "-Onone";
			};
			name = Debug;
		};
		D925CB3C2865A3E7005E1E83 /* Release */ = {
			isa = XCBuildConfiguration;
			buildSettings = {
				ALWAYS_SEARCH_USER_PATHS = NO;
				CLANG_ANALYZER_NONNULL = YES;
				CLANG_ANALYZER_NUMBER_OBJECT_CONVERSION = YES_AGGRESSIVE;
				CLANG_CXX_LANGUAGE_STANDARD = "gnu++17";
				CLANG_ENABLE_MODULES = YES;
				CLANG_ENABLE_OBJC_ARC = YES;
				CLANG_ENABLE_OBJC_WEAK = YES;
				CLANG_WARN_BLOCK_CAPTURE_AUTORELEASING = YES;
				CLANG_WARN_BOOL_CONVERSION = YES;
				CLANG_WARN_COMMA = YES;
				CLANG_WARN_CONSTANT_CONVERSION = YES;
				CLANG_WARN_DEPRECATED_OBJC_IMPLEMENTATIONS = YES;
				CLANG_WARN_DIRECT_OBJC_ISA_USAGE = YES_ERROR;
				CLANG_WARN_DOCUMENTATION_COMMENTS = YES;
				CLANG_WARN_EMPTY_BODY = YES;
				CLANG_WARN_ENUM_CONVERSION = YES;
				CLANG_WARN_INFINITE_RECURSION = YES;
				CLANG_WARN_INT_CONVERSION = YES;
				CLANG_WARN_NON_LITERAL_NULL_CONVERSION = YES;
				CLANG_WARN_OBJC_IMPLICIT_RETAIN_SELF = YES;
				CLANG_WARN_OBJC_LITERAL_CONVERSION = YES;
				CLANG_WARN_OBJC_ROOT_CLASS = YES_ERROR;
				CLANG_WARN_QUOTED_INCLUDE_IN_FRAMEWORK_HEADER = YES;
				CLANG_WARN_RANGE_LOOP_ANALYSIS = YES;
				CLANG_WARN_STRICT_PROTOTYPES = YES;
				CLANG_WARN_SUSPICIOUS_MOVE = YES;
				CLANG_WARN_UNGUARDED_AVAILABILITY = YES_AGGRESSIVE;
				CLANG_WARN_UNREACHABLE_CODE = YES;
				CLANG_WARN__DUPLICATE_METHOD_MATCH = YES;
				COPY_PHASE_STRIP = NO;
				DEBUG_INFORMATION_FORMAT = "dwarf-with-dsym";
				ENABLE_NS_ASSERTIONS = NO;
				ENABLE_STRICT_OBJC_MSGSEND = YES;
				GCC_C_LANGUAGE_STANDARD = gnu11;
				GCC_NO_COMMON_BLOCKS = YES;
				GCC_WARN_64_TO_32_BIT_CONVERSION = YES;
				GCC_WARN_ABOUT_RETURN_TYPE = YES_ERROR;
				GCC_WARN_UNDECLARED_SELECTOR = YES;
				GCC_WARN_UNINITIALIZED_AUTOS = YES_AGGRESSIVE;
				GCC_WARN_UNUSED_FUNCTION = YES;
				GCC_WARN_UNUSED_VARIABLE = YES;
				IPHONEOS_DEPLOYMENT_TARGET = 15.5;
				MTL_ENABLE_DEBUG_INFO = NO;
				MTL_FAST_MATH = YES;
				SDKROOT = iphoneos;
				SWIFT_COMPILATION_MODE = wholemodule;
				SWIFT_OPTIMIZATION_LEVEL = "-O";
				VALIDATE_PRODUCT = YES;
			};
			name = Release;
		};
		D925CB3E2865A3E7005E1E83 /* Debug */ = {
			isa = XCBuildConfiguration;
			buildSettings = {
				ASSETCATALOG_COMPILER_APPICON_NAME = AppIcon;
				ASSETCATALOG_COMPILER_GLOBAL_ACCENT_COLOR_NAME = AccentColor;
				CODE_SIGN_STYLE = Automatic;
				CURRENT_PROJECT_VERSION = 1;
				DEVELOPMENT_ASSET_PATHS = "\"Scrumdinger/Preview Content\"";
				ENABLE_PREVIEWS = YES;
				GENERATE_INFOPLIST_FILE = YES;
				INFOPLIST_KEY_UIApplicationSceneManifest_Generation = YES;
				INFOPLIST_KEY_UIApplicationSupportsIndirectInputEvents = YES;
				INFOPLIST_KEY_UILaunchScreen_Generation = YES;
				INFOPLIST_KEY_UISupportedInterfaceOrientations_iPad = "UIInterfaceOrientationPortrait UIInterfaceOrientationPortraitUpsideDown UIInterfaceOrientationLandscapeLeft UIInterfaceOrientationLandscapeRight";
				INFOPLIST_KEY_UISupportedInterfaceOrientations_iPhone = "UIInterfaceOrientationPortrait UIInterfaceOrientationLandscapeLeft UIInterfaceOrientationLandscapeRight";
				LD_RUNPATH_SEARCH_PATHS = (
					"$(inherited)",
					"@executable_path/Frameworks",
				);
				MARKETING_VERSION = 1.0;
				PRODUCT_BUNDLE_IDENTIFIER = "com.example.apple-samplecode.Scrumdinger";
				PRODUCT_NAME = "$(TARGET_NAME)";
				SWIFT_EMIT_LOC_STRINGS = YES;
				SWIFT_VERSION = 5.0;
				TARGETED_DEVICE_FAMILY = "1,2";
			};
			name = Debug;
		};
		D925CB3F2865A3E7005E1E83 /* Release */ = {
			isa = XCBuildConfiguration;
			buildSettings = {
				ASSETCATALOG_COMPILER_APPICON_NAME = AppIcon;
				ASSETCATALOG_COMPILER_GLOBAL_ACCENT_COLOR_NAME = AccentColor;
				CODE_SIGN_STYLE = Automatic;
				CURRENT_PROJECT_VERSION = 1;
				DEVELOPMENT_ASSET_PATHS = "\"Scrumdinger/Preview Content\"";
				ENABLE_PREVIEWS = YES;
				GENERATE_INFOPLIST_FILE = YES;
				INFOPLIST_KEY_UIApplicationSceneManifest_Generation = YES;
				INFOPLIST_KEY_UIApplicationSupportsIndirectInputEvents = YES;
				INFOPLIST_KEY_UILaunchScreen_Generation = YES;
				INFOPLIST_KEY_UISupportedInterfaceOrientations_iPad = "UIInterfaceOrientationPortrait UIInterfaceOrientationPortraitUpsideDown UIInterfaceOrientationLandscapeLeft UIInterfaceOrientationLandscapeRight";
				INFOPLIST_KEY_UISupportedInterfaceOrientations_iPhone = "UIInterfaceOrientationPortrait UIInterfaceOrientationLandscapeLeft UIInterfaceOrientationLandscapeRight";
				LD_RUNPATH_SEARCH_PATHS = (
					"$(inherited)",
					"@executable_path/Frameworks",
				);
				MARKETING_VERSION = 1.0;
				PRODUCT_BUNDLE_IDENTIFIER = "com.example.apple-samplecode.Scrumdinger";
				PRODUCT_NAME = "$(TARGET_NAME)";
				SWIFT_EMIT_LOC_STRINGS = YES;
				SWIFT_VERSION = 5.0;
				TARGETED_DEVICE_FAMILY = "1,2";
			};
			name = Release;
		};
/* End XCBuildConfiguration section */

/* Begin XCConfigurationList section */
		D925CB2A2865A3E6005E1E83 /* Build configuration list for PBXProject "Scrumdinger" */ = {
			isa = XCConfigurationList;
			buildConfigurations = (
				D925CB3B2865A3E7005E1E83 /* Debug */,
				D925CB3C2865A3E7005E1E83 /* Release */,
			);
			defaultConfigurationIsVisible = 0;
			defaultConfigurationName = Release;
		};
		D925CB3D2865A3E7005E1E83 /* Build configuration list for PBXNativeTarget "Scrumdinger" */ = {
			isa = XCConfigurationList;
			buildConfigurations = (
				D925CB3E2865A3E7005E1E83 /* Debug */,
				D925CB3F2865A3E7005E1E83 /* Release */,
			);
			defaultConfigurationIsVisible = 0;
			defaultConfigurationName = Release;
		};
/* End XCConfigurationList section */
	};
	rootObject = D925CB272865A3E6005E1E83 /* Project object */;
}
